PODS:
  - Flutter (1.0.0)
  - flutter_cue_light_show_sdk (0.0.1):
    - Flutter

DEPENDENCIES:
  - Flutter (from `Flutter`)
  - flutter_cue_light_show_sdk (from `.symlinks/plugins/flutter_cue_light_show_sdk/ios`)

EXTERNAL SOURCES:
  Flutter:
    :path: Flutter
  flutter_cue_light_show_sdk:
    :path: ".symlinks/plugins/flutter_cue_light_show_sdk/ios"

SPEC CHECKSUMS:
  Flutter: 434fef37c0980e73bb6479ef766c45957d4b510c
  flutter_cue_light_show_sdk: d81cf8dfb23f78616c0f7edb26a80dec3af1138b

PODFILE CHECKSUM: b33eff71eea00694ab9f841792aad49d879e223c

COCOAPODS: 1.10.1
